
Microsoft Visual Studio Solution File, Format Version 12.00
# Visual Studio Version 16
VisualStudioVersion = 16.0.32106.194
MinimumVisualStudioVersion = 10.0.40219.1
Project("{FAE04EC0-301F-11D3-BF4B-00C04F79EFBC}") = "api-autores", "api-autores.csproj", "{30EC9557-BC27-4AF5-90CE-D7470CDC9B36}"
EndProject
Global
	GlobalSection(SolutionConfigurationPlatforms) = preSolution
		Debug|Any CPU = Debug|Any CPU
		Release|Any CPU = Release|Any CPU
	EndGlobalSection
	GlobalSection(ProjectConfigurationPlatforms) = postSolution
		{30EC9557-BC27-4AF5-90CE-D7470CDC9B36}.Debug|Any CPU.ActiveCfg = Debug|Any CPU
		{30EC9557-BC27-4AF5-90CE-D7470CDC9B36}.Debug|Any CPU.Build.0 = Debug|Any CPU
		{30EC9557-BC27-4AF5-90CE-D7470CDC9B36}.Release|Any CPU.ActiveCfg = Release|Any CPU
		{30EC9557-BC27-4AF5-90CE-D7470CDC9B36}.Release|Any CPU.Build.0 = Release|Any CPU
	EndGlobalSection
	GlobalSection(SolutionProperties) = preSolution
		HideSolutionNode = FALSE
	EndGlobalSection
	GlobalSection(ExtensibilityGlobals) = postSolution
		SolutionGuid = {C283ABC7-0BEA-44C6-9C1C-1CE2F112D955}
	EndGlobalSection
EndGlobal
